PODS:
  - BSPhotoGallery (0.1.0):
    - SVProgressHUD
  - SVProgressHUD (2.0.3)

DEPENDENCIES:
  - BSPhotoGallery (from `../`)

EXTERNAL SOURCES:
  BSPhotoGallery:
    :path: "../"

SPEC CHECKSUMS:
  BSPhotoGallery: 4c818bb66177fdd9a754e663a7f0fc0c838435ba
  SVProgressHUD: b0830714205bea1317ea1a2ebc71e5633af334d4

PODFILE CHECKSUM: 3f7adbf3e891a6b28e856f2c5e2bdbcaf9a633ff

COCOAPODS: 1.1.0.rc.2
